
Microsoft Visual Studio Solution File, Format Version 12.00
Project("{FAE04EC0-301F-11D3-BF4B-00C04F79EFBC}") = "Jbta.VirtualFileSystem", "Jbta.VirtualFileSystem\Jbta.VirtualFileSystem.csproj", "{F975A7EC-6BD1-4259-ABC1-4CFC41E5869B}"
EndProject
Project("{FAE04EC0-301F-11D3-BF4B-00C04F79EFBC}") = "Jbta.VirtualFileSystem.Tests", "Jbta.VirtualFileSystem.Tests\Jbta.VirtualFileSystem.Tests.csproj", "{7BE2B012-BF6B-4C4B-9B93-C61B21E380D0}"
EndProject
Global
	GlobalSection(SolutionConfigurationPlatforms) = preSolution
		Debug|Any CPU = Debug|Any CPU
		Release|Any CPU = Release|Any CPU
	EndGlobalSection
	GlobalSection(ProjectConfigurationPlatforms) = postSolution
		{F975A7EC-6BD1-4259-ABC1-4CFC41E5869B}.Debug|Any CPU.ActiveCfg = Debug|Any CPU
		{F975A7EC-6BD1-4259-ABC1-4CFC41E5869B}.Debug|Any CPU.Build.0 = Debug|Any CPU
		{F975A7EC-6BD1-4259-ABC1-4CFC41E5869B}.Release|Any CPU.ActiveCfg = Release|Any CPU
		{F975A7EC-6BD1-4259-ABC1-4CFC41E5869B}.Release|Any CPU.Build.0 = Release|Any CPU
		{7BE2B012-BF6B-4C4B-9B93-C61B21E380D0}.Debug|Any CPU.ActiveCfg = Debug|Any CPU
		{7BE2B012-BF6B-4C4B-9B93-C61B21E380D0}.Debug|Any CPU.Build.0 = Debug|Any CPU
		{7BE2B012-BF6B-4C4B-9B93-C61B21E380D0}.Release|Any CPU.ActiveCfg = Release|Any CPU
		{7BE2B012-BF6B-4C4B-9B93-C61B21E380D0}.Release|Any CPU.Build.0 = Release|Any CPU
	EndGlobalSection
EndGlobal
